
Microsoft Visual Studio Solution File, Format Version 12.00
# Visual Studio Version 17
VisualStudioVersion = 17.0.31912.275
MinimumVisualStudioVersion = 10.0.40219.1
Project("{FAE04EC0-301F-11D3-BF4B-00C04F79EFBC}") = "ChatBlazorApp.Server", "Server\ChatBlazorApp.Server.csproj", "{925A761A-6AC7-4F7C-9B81-CC990883D9BB}"
EndProject
Project("{FAE04EC0-301F-11D3-BF4B-00C04F79EFBC}") = "ChatBlazorApp.Client", "Client\ChatBlazorApp.Client.csproj", "{9BE555E7-4708-403D-937A-E90EA484ABC9}"
EndProject
Project("{FAE04EC0-301F-11D3-BF4B-00C04F79EFBC}") = "ChatBlazorApp.Shared", "Shared\ChatBlazorApp.Shared.csproj", "{6CEFD083-9DEE-44AD-A2BA-E3F90CF38567}"
EndProject
Global
	GlobalSection(SolutionConfigurationPlatforms) = preSolution
		Debug|Any CPU = Debug|Any CPU
		Release|Any CPU = Release|Any CPU
	EndGlobalSection
	GlobalSection(ProjectConfigurationPlatforms) = postSolution
		{925A761A-6AC7-4F7C-9B81-CC990883D9BB}.Debug|Any CPU.ActiveCfg = Debug|Any CPU
		{925A761A-6AC7-4F7C-9B81-CC990883D9BB}.Debug|Any CPU.Build.0 = Debug|Any CPU
		{925A761A-6AC7-4F7C-9B81-CC990883D9BB}.Release|Any CPU.ActiveCfg = Release|Any CPU
		{925A761A-6AC7-4F7C-9B81-CC990883D9BB}.Release|Any CPU.Build.0 = Release|Any CPU
		{9BE555E7-4708-403D-937A-E90EA484ABC9}.Debug|Any CPU.ActiveCfg = Debug|Any CPU
		{9BE555E7-4708-403D-937A-E90EA484ABC9}.Debug|Any CPU.Build.0 = Debug|Any CPU
		{9BE555E7-4708-403D-937A-E90EA484ABC9}.Release|Any CPU.ActiveCfg = Release|Any CPU
		{9BE555E7-4708-403D-937A-E90EA484ABC9}.Release|Any CPU.Build.0 = Release|Any CPU
		{6CEFD083-9DEE-44AD-A2BA-E3F90CF38567}.Debug|Any CPU.ActiveCfg = Debug|Any CPU
		{6CEFD083-9DEE-44AD-A2BA-E3F90CF38567}.Debug|Any CPU.Build.0 = Debug|Any CPU
		{6CEFD083-9DEE-44AD-A2BA-E3F90CF38567}.Release|Any CPU.ActiveCfg = Release|Any CPU
		{6CEFD083-9DEE-44AD-A2BA-E3F90CF38567}.Release|Any CPU.Build.0 = Release|Any CPU
	EndGlobalSection
	GlobalSection(SolutionProperties) = preSolution
		HideSolutionNode = FALSE
	EndGlobalSection
	GlobalSection(ExtensibilityGlobals) = postSolution
		SolutionGuid = {6DE31FED-DE43-43FE-BE77-5A7A6CB42D84}
	EndGlobalSection
EndGlobal
